
Microsoft Visual Studio Solution File, Format Version 12.00
# Visual Studio Version 16
VisualStudioVersion = 16.0.30517.126
MinimumVisualStudioVersion = 10.0.40219.1
Project("{FAE04EC0-301F-11D3-BF4B-00C04F79EFBC}") = "OPSuperHeroes", "OPSuperHeroes\OPSuperHeroes.csproj", "{07213141-43CE-485D-B1D8-64F40A218889}"
EndProject
Global
	GlobalSection(SolutionConfigurationPlatforms) = preSolution
		Debug|Any CPU = Debug|Any CPU
		Release|Any CPU = Release|Any CPU
	EndGlobalSection
	GlobalSection(ProjectConfigurationPlatforms) = postSolution
		{07213141-43CE-485D-B1D8-64F40A218889}.Debug|Any CPU.ActiveCfg = Debug|Any CPU
		{07213141-43CE-485D-B1D8-64F40A218889}.Debug|Any CPU.Build.0 = Debug|Any CPU
		{07213141-43CE-485D-B1D8-64F40A218889}.Release|Any CPU.ActiveCfg = Release|Any CPU
		{07213141-43CE-485D-B1D8-64F40A218889}.Release|Any CPU.Build.0 = Release|Any CPU
	EndGlobalSection
	GlobalSection(SolutionProperties) = preSolution
		HideSolutionNode = FALSE
	EndGlobalSection
	GlobalSection(ExtensibilityGlobals) = postSolution
		SolutionGuid = {C326E0E4-3D8B-46EB-BA1F-E6F047E63093}
	EndGlobalSection
EndGlobal
